
Microsoft Visual Studio Solution File, Format Version 12.00
# Visual Studio 15
VisualStudioVersion = 15.0.27703.2042
MinimumVisualStudioVersion = 10.0.40219.1
Project("{FAE04EC0-301F-11D3-BF4B-00C04F79EFBC}") = "HomeWork07_06_19", "HomeWork07_06_19\HomeWork07_06_19.csproj", "{A1AE431B-69BB-4AD5-86AF-778046390105}"
EndProject
Global
	GlobalSection(SolutionConfigurationPlatforms) = preSolution
		Debug|Any CPU = Debug|Any CPU
		Release|Any CPU = Release|Any CPU
	EndGlobalSection
	GlobalSection(ProjectConfigurationPlatforms) = postSolution
		{A1AE431B-69BB-4AD5-86AF-778046390105}.Debug|Any CPU.ActiveCfg = Debug|Any CPU
		{A1AE431B-69BB-4AD5-86AF-778046390105}.Debug|Any CPU.Build.0 = Debug|Any CPU
		{A1AE431B-69BB-4AD5-86AF-778046390105}.Release|Any CPU.ActiveCfg = Release|Any CPU
		{A1AE431B-69BB-4AD5-86AF-778046390105}.Release|Any CPU.Build.0 = Release|Any CPU
	EndGlobalSection
	GlobalSection(SolutionProperties) = preSolution
		HideSolutionNode = FALSE
	EndGlobalSection
	GlobalSection(ExtensibilityGlobals) = postSolution
		SolutionGuid = {3EE3ED91-96E2-4C73-B12F-C417B03BF4BE}
	EndGlobalSection
EndGlobal
